PODS:
  - Capacitor (7.0.1):
    - CapacitorCordova
  - CapacitorApp (7.0.0):
    - Capacitor
  - CapacitorBrowser (7.0.0):
    - Capacitor
  - CapacitorCordova (7.0.1)
  - CapacitorGoogleMaps (7.0.1):
    - Capacitor
    - Google-Maps-iOS-Utils (~> 5.0)
    - GoogleMaps (~> 8.4)
  - CapacitorHaptics (7.0.0):
    - Capacitor
  - CapacitorInappbrowser (2.0.0):
    - Capacitor
    - OSInAppBrowserLib (~> 1.0)
  - CapacitorKeyboard (7.0.0):
    - Capacitor
  - CapacitorStatusBar (7.0.0):
    - Capacitor
  - Google-Maps-iOS-Utils (5.0.0):
    - GoogleMaps (~> 8.0)
  - GoogleMaps (8.4.0):
    - GoogleMaps/Maps (= 8.4.0)
  - GoogleMaps/Base (8.4.0)
  - GoogleMaps/Maps (8.4.0):
    - GoogleMaps/Base
  - OSInAppBrowserLib (1.0.0)

DEPENDENCIES:
  - "Capacitor (from `../../node_modules/@capacitor/ios`)"
  - "CapacitorApp (from `../../node_modules/@capacitor/app`)"
  - "CapacitorBrowser (from `../../node_modules/@capacitor/browser`)"
  - "CapacitorCordova (from `../../node_modules/@capacitor/ios`)"
  - "CapacitorGoogleMaps (from `../../node_modules/@capacitor/google-maps`)"
  - "CapacitorHaptics (from `../../node_modules/@capacitor/haptics`)"
  - "CapacitorInappbrowser (from `../../node_modules/@capacitor/inappbrowser`)"
  - "CapacitorKeyboard (from `../../node_modules/@capacitor/keyboard`)"
  - "CapacitorStatusBar (from `../../node_modules/@capacitor/status-bar`)"

SPEC REPOS:
  trunk:
    - Google-Maps-iOS-Utils
    - GoogleMaps
    - OSInAppBrowserLib

EXTERNAL SOURCES:
  Capacitor:
    :path: "../../node_modules/@capacitor/ios"
  CapacitorApp:
    :path: "../../node_modules/@capacitor/app"
  CapacitorBrowser:
    :path: "../../node_modules/@capacitor/browser"
  CapacitorCordova:
    :path: "../../node_modules/@capacitor/ios"
  CapacitorGoogleMaps:
    :path: "../../node_modules/@capacitor/google-maps"
  CapacitorHaptics:
    :path: "../../node_modules/@capacitor/haptics"
  CapacitorInappbrowser:
    :path: "../../node_modules/@capacitor/inappbrowser"
  CapacitorKeyboard:
    :path: "../../node_modules/@capacitor/keyboard"
  CapacitorStatusBar:
    :path: "../../node_modules/@capacitor/status-bar"

SPEC CHECKSUMS:
  Capacitor: de199cba6c8b20995428ad0b7cb0bc6ca625ffd4
  CapacitorApp: 9cb31064a6c6bb2b1438583733a7bf45557fc1da
  CapacitorBrowser: 55c21db47416dcc8fc3b623e18fd7d09acb26081
  CapacitorCordova: 63d476958d5022d76f197031e8b7ea3519988c64
  CapacitorGoogleMaps: 92f9b1a5bf8c4d818833e7671953c83556b540f9
  CapacitorHaptics: 7be406a91e4eb87287f321c6c68e1709d6837b3a
  CapacitorInappbrowser: ac3d26121a7fe3ed1c189c78b6d80f41af7be077
  CapacitorKeyboard: 4db71e694e7afb5d7c0be09b05495c19f7d6c914
  CapacitorStatusBar: a8c4c83ed2e973bdafb979e80e4b00d027832cb7
  Google-Maps-iOS-Utils: 66d6de12be1ce6d3742a54661e7a79cb317a9321
  GoogleMaps: 8939898920281c649150e0af74aa291c60f2e77d
  OSInAppBrowserLib: c3d0b21a0c8b6d81e69117ad08bb6b8a4849c4e1

PODFILE CHECKSUM: 804fbd6de3c7cf0299849cb93c6174cd9e549d80

COCOAPODS: 1.16.2
